
Microsoft Visual Studio Solution File, Format Version 12.00
# Visual Studio Version 17
VisualStudioVersion = 17.14.36015.10
MinimumVisualStudioVersion = 10.0.40219.1
Project("{FAE04EC0-301F-11D3-BF4B-00C04F79EFBC}") = "WindowsApp", "WindowsApp\WindowsApp.csproj", "{A36DBBCE-D4B1-4FA8-80DB-15B30CE3C195}"
EndProject
Project("{2150E333-8FDC-42A3-9474-1A3956D46DE8}") = "ESP32Firmware", "ESP32Firmware", "{02EA681E-C7D8-13C7-8484-4AC65E1B71E8}"
EndProject
Global
	GlobalSection(SolutionConfigurationPlatforms) = preSolution
		Debug|Any CPU = Debug|Any CPU
		Release|Any CPU = Release|Any CPU
	EndGlobalSection
	GlobalSection(ProjectConfigurationPlatforms) = postSolution
		{A36DBBCE-D4B1-4FA8-80DB-15B30CE3C195}.Debug|Any CPU.ActiveCfg = Debug|Any CPU
		{A36DBBCE-D4B1-4FA8-80DB-15B30CE3C195}.Debug|Any CPU.Build.0 = Debug|Any CPU
		{A36DBBCE-D4B1-4FA8-80DB-15B30CE3C195}.Release|Any CPU.ActiveCfg = Release|Any CPU
		{A36DBBCE-D4B1-4FA8-80DB-15B30CE3C195}.Release|Any CPU.Build.0 = Release|Any CPU
	EndGlobalSection
	GlobalSection(SolutionProperties) = preSolution
		HideSolutionNode = FALSE
	EndGlobalSection
	GlobalSection(ExtensibilityGlobals) = postSolution
		SolutionGuid = {F9FA5FCF-4377-4772-BD87-664652389FBE}
	EndGlobalSection
EndGlobal
